
Microsoft Visual Studio Solution File, Format Version 12.00
# Visual Studio Version 17
VisualStudioVersion = 17.8.34330.188
MinimumVisualStudioVersion = 10.0.40219.1
Project("{9A19103F-16F7-4668-BE54-9A1E7A4F7556}") = "ProductsTracker", "ProductsTracker\ProductsTracker.csproj", "{0EC96E1E-E99E-4688-A0E1-6031DB166382}"
EndProject
Project("{9A19103F-16F7-4668-BE54-9A1E7A4F7556}") = "ProductsTrackerTests", "ProductsTrackerTests\ProductsTrackerTests.csproj", "{2B616348-B184-419B-BDB9-FE22619A8367}"
EndProject
Project("{2150E333-8FDC-42A3-9474-1A3956D46DE8}") = "Solution Items", "Solution Items", "{9BE9265F-4F24-41AF-8B6A-44838D2340F4}"
	ProjectSection(SolutionItems) = preProject
		.editorconfig = .editorconfig
		.gitignore = .gitignore
		coverage.bat = coverage.bat
		LICENSE = LICENSE
		README.md = README.md
	EndProjectSection
EndProject
Global
	GlobalSection(SolutionConfigurationPlatforms) = preSolution
		Debug|Any CPU = Debug|Any CPU
		Release|Any CPU = Release|Any CPU
	EndGlobalSection
	GlobalSection(ProjectConfigurationPlatforms) = postSolution
		{0EC96E1E-E99E-4688-A0E1-6031DB166382}.Debug|Any CPU.ActiveCfg = Debug|Any CPU
		{0EC96E1E-E99E-4688-A0E1-6031DB166382}.Debug|Any CPU.Build.0 = Debug|Any CPU
		{0EC96E1E-E99E-4688-A0E1-6031DB166382}.Release|Any CPU.ActiveCfg = Release|Any CPU
		{0EC96E1E-E99E-4688-A0E1-6031DB166382}.Release|Any CPU.Build.0 = Release|Any CPU
		{2B616348-B184-419B-BDB9-FE22619A8367}.Debug|Any CPU.ActiveCfg = Debug|Any CPU
		{2B616348-B184-419B-BDB9-FE22619A8367}.Debug|Any CPU.Build.0 = Debug|Any CPU
		{2B616348-B184-419B-BDB9-FE22619A8367}.Release|Any CPU.ActiveCfg = Release|Any CPU
		{2B616348-B184-419B-BDB9-FE22619A8367}.Release|Any CPU.Build.0 = Release|Any CPU
	EndGlobalSection
	GlobalSection(SolutionProperties) = preSolution
		HideSolutionNode = FALSE
	EndGlobalSection
	GlobalSection(ExtensibilityGlobals) = postSolution
		SolutionGuid = {05578094-5713-4CAC-BAFE-AD45E3FACBEC}
	EndGlobalSection
EndGlobal
